
Microsoft Visual Studio Solution File, Format Version 12.00
# Visual Studio Version 17
VisualStudioVersion = 17.0.31903.59
MinimumVisualStudioVersion = 10.0.40219.1
Project("{9A19103F-16F7-4668-BE54-9A1E7A4F7556}") = "Linql.Server", "Linql.Server\Linql.Server.csproj", "{30754D44-74FD-43A1-9551-D5EA962B0810}"
EndProject
Project("{9A19103F-16F7-4668-BE54-9A1E7A4F7556}") = "Linql.Server.Test", "Linql.Server.Test\Linql.Server.Test.csproj", "{2A756F77-AA28-4A27-97E0-C0FA56D2ADDB}"
EndProject
Project("{9A19103F-16F7-4668-BE54-9A1E7A4F7556}") = "Linql.Server.EF6.Test", "Linql.Server.EF6.Test\Linql.Server.EF6.Test.csproj", "{5703883A-5087-43AA-A4F2-1F7583108823}"
EndProject
Global
	GlobalSection(SolutionConfigurationPlatforms) = preSolution
		Debug|Any CPU = Debug|Any CPU
		Release|Any CPU = Release|Any CPU
	EndGlobalSection
	GlobalSection(ProjectConfigurationPlatforms) = postSolution
		{30754D44-74FD-43A1-9551-D5EA962B0810}.Debug|Any CPU.ActiveCfg = Debug|Any CPU
		{30754D44-74FD-43A1-9551-D5EA962B0810}.Debug|Any CPU.Build.0 = Debug|Any CPU
		{30754D44-74FD-43A1-9551-D5EA962B0810}.Release|Any CPU.ActiveCfg = Release|Any CPU
		{30754D44-74FD-43A1-9551-D5EA962B0810}.Release|Any CPU.Build.0 = Release|Any CPU
		{2A756F77-AA28-4A27-97E0-C0FA56D2ADDB}.Debug|Any CPU.ActiveCfg = Debug|Any CPU
		{2A756F77-AA28-4A27-97E0-C0FA56D2ADDB}.Debug|Any CPU.Build.0 = Debug|Any CPU
		{2A756F77-AA28-4A27-97E0-C0FA56D2ADDB}.Release|Any CPU.ActiveCfg = Release|Any CPU
		{2A756F77-AA28-4A27-97E0-C0FA56D2ADDB}.Release|Any CPU.Build.0 = Release|Any CPU
		{5703883A-5087-43AA-A4F2-1F7583108823}.Debug|Any CPU.ActiveCfg = Debug|Any CPU
		{5703883A-5087-43AA-A4F2-1F7583108823}.Debug|Any CPU.Build.0 = Debug|Any CPU
		{5703883A-5087-43AA-A4F2-1F7583108823}.Release|Any CPU.ActiveCfg = Release|Any CPU
		{5703883A-5087-43AA-A4F2-1F7583108823}.Release|Any CPU.Build.0 = Release|Any CPU
	EndGlobalSection
	GlobalSection(SolutionProperties) = preSolution
		HideSolutionNode = FALSE
	EndGlobalSection
	GlobalSection(ExtensibilityGlobals) = postSolution
		SolutionGuid = {080F7BFB-7139-4D6E-9B10-71C1BD47C62E}
	EndGlobalSection
EndGlobal
